// !$*UTF8*$!
{
	archiveVersion = 1;
	classes = {
	};
	objectVersion = 46;
	objects = {

/* Begin PBXBuildFile section */
		91A768C41E9970E700DAF749 /* MainViewController.swift in Sources */ = {isa = PBXBuildFile; fileRef = 91A768C31E9970E700DAF749 /* MainViewController.swift */; };
		91A768C61E99733100DAF749 /* Designables.swift in Sources */ = {isa = PBXBuildFile; fileRef = 91A768C51E99733100DAF749 /* Designables.swift */; };
		FDD93E261E9960CD006C912A /* AppDelegate.swift in Sources */ = {isa = PBXBuildFile; fileRef = FDD93E251E9960CD006C912A /* AppDelegate.swift */; };
		FDD93E2B1E9960CD006C912A /* Main.storyboard in Resources */ = {isa = PBXBuildFile; fileRef = FDD93E291E9960CD006C912A /* Main.storyboard */; };
		FDD93E2D1E9960CD006C912A /* Assets.xcassets in Resources */ = {isa = PBXBuildFile; fileRef = FDD93E2C1E9960CD006C912A /* Assets.xcassets */; };
		FDD93E301E9960CD006C912A /* LaunchScreen.storyboard in Resources */ = {isa = PBXBuildFile; fileRef = FDD93E2E1E9960CD006C912A /* LaunchScreen.storyboard */; };
		FDD93E3A1E99629C006C912A /* FirebaseService.swift in Sources */ = {isa = PBXBuildFile; fileRef = FDD93E391E99629C006C912A /* FirebaseService.swift */; };
		FDD93E3C1E9962A4006C912A /* FirebaseModels.swift in Sources */ = {isa = PBXBuildFile; fileRef = FDD93E3B1E9962A4006C912A /* FirebaseModels.swift */; };
		FDD93E3E1E9962AC006C912A /* AuthManager.swift in Sources */ = {isa = PBXBuildFile; fileRef = FDD93E3D1E9962AC006C912A /* AuthManager.swift */; };
		FDD93E401E996643006C912A /* GoogleService-Info.plist in Resources */ = {isa = PBXBuildFile; fileRef = FDD93E3F1E996643006C912A /* GoogleService-Info.plist */; };
		FDD93E421E9966AD006C912A /* Constants.swift in Sources */ = {isa = PBXBuildFile; fileRef = FDD93E411E9966AD006C912A /* Constants.swift */; };
		FDD93E471E99689E006C912A /* LoginViewController.swift in Sources */ = {isa = PBXBuildFile; fileRef = FDD93E461E99689E006C912A /* LoginViewController.swift */; };
		FDD93E491E99746E006C912A /* RegistrationViewController.swift in Sources */ = {isa = PBXBuildFile; fileRef = FDD93E481E99746E006C912A /* RegistrationViewController.swift */; };
		FDD93E4B1E997C8B006C912A /* EditProfileViewController.swift in Sources */ = {isa = PBXBuildFile; fileRef = FDD93E4A1E997C8B006C912A /* EditProfileViewController.swift */; };
		FDD93E4D1E998092006C912A /* HomePageViewController.swift in Sources */ = {isa = PBXBuildFile; fileRef = FDD93E4C1E998092006C912A /* HomePageViewController.swift */; };
/* End PBXBuildFile section */

/* Begin PBXFileReference section */
		62DD97673E45D10BC875DA40 /* Pods_CS2340_iOS.framework */ = {isa = PBXFileReference; explicitFileType = wrapper.framework; includeInIndex = 0; path = Pods_CS2340_iOS.framework; sourceTree = BUILT_PRODUCTS_DIR; };
		83EBAF6793954D9F10E0034E /* Pods-CS2340-iOS.debug.xcconfig */ = {isa = PBXFileReference; includeInIndex = 1; lastKnownFileType = text.xcconfig; name = "Pods-CS2340-iOS.debug.xcconfig"; path = "Pods/Target Support Files/Pods-CS2340-iOS/Pods-CS2340-iOS.debug.xcconfig"; sourceTree = "<group>"; };
		91A768C31E9970E700DAF749 /* MainViewController.swift */ = {isa = PBXFileReference; fileEncoding = 4; lastKnownFileType = sourcecode.swift; path = MainViewController.swift; sourceTree = "<group>"; };
		91A768C51E99733100DAF749 /* Designables.swift */ = {isa = PBXFileReference; fileEncoding = 4; lastKnownFileType = sourcecode.swift; path = Designables.swift; sourceTree = "<group>"; };
		BD76673B7DBDD8F94D419224 /* Pods-CS2340-iOS.release.xcconfig */ = {isa = PBXFileReference; includeInIndex = 1; lastKnownFileType = text.xcconfig; name = "Pods-CS2340-iOS.release.xcconfig"; path = "Pods/Target Support Files/Pods-CS2340-iOS/Pods-CS2340-iOS.release.xcconfig"; sourceTree = "<group>"; };
		FDD93E221E9960CD006C912A /* CS2340-iOS.app */ = {isa = PBXFileReference; explicitFileType = wrapper.application; includeInIndex = 0; path = "CS2340-iOS.app"; sourceTree = BUILT_PRODUCTS_DIR; };
		FDD93E251E9960CD006C912A /* AppDelegate.swift */ = {isa = PBXFileReference; lastKnownFileType = sourcecode.swift; path = AppDelegate.swift; sourceTree = "<group>"; };
		FDD93E2A1E9960CD006C912A /* Base */ = {isa = PBXFileReference; lastKnownFileType = file.storyboard; name = Base; path = Base.lproj/Main.storyboard; sourceTree = "<group>"; };
		FDD93E2C1E9960CD006C912A /* Assets.xcassets */ = {isa = PBXFileReference; lastKnownFileType = folder.assetcatalog; path = Assets.xcassets; sourceTree = "<group>"; };
		FDD93E2F1E9960CD006C912A /* Base */ = {isa = PBXFileReference; lastKnownFileType = file.storyboard; name = Base; path = Base.lproj/LaunchScreen.storyboard; sourceTree = "<group>"; };
		FDD93E311E9960CD006C912A /* Info.plist */ = {isa = PBXFileReference; lastKnownFileType = text.plist.xml; path = Info.plist; sourceTree = "<group>"; };
		FDD93E391E99629C006C912A /* FirebaseService.swift */ = {isa = PBXFileReference; fileEncoding = 4; lastKnownFileType = sourcecode.swift; name = FirebaseService.swift; path = Services/FirebaseService.swift; sourceTree = "<group>"; };
		FDD93E3B1E9962A4006C912A /* FirebaseModels.swift */ = {isa = PBXFileReference; fileEncoding = 4; lastKnownFileType = sourcecode.swift; name = FirebaseModels.swift; path = Models/FirebaseModels.swift; sourceTree = "<group>"; };
		FDD93E3D1E9962AC006C912A /* AuthManager.swift */ = {isa = PBXFileReference; fileEncoding = 4; lastKnownFileType = sourcecode.swift; path = AuthManager.swift; sourceTree = "<group>"; };
		FDD93E3F1E996643006C912A /* GoogleService-Info.plist */ = {isa = PBXFileReference; fileEncoding = 4; lastKnownFileType = text.plist.xml; path = "GoogleService-Info.plist"; sourceTree = "<group>"; };
		FDD93E411E9966AD006C912A /* Constants.swift */ = {isa = PBXFileReference; fileEncoding = 4; lastKnownFileType = sourcecode.swift; path = Constants.swift; sourceTree = "<group>"; };
		FDD93E461E99689E006C912A /* LoginViewController.swift */ = {isa = PBXFileReference; fileEncoding = 4; lastKnownFileType = sourcecode.swift; name = LoginViewController.swift; path = Controllers/LoginViewController.swift; sourceTree = "<group>"; };
		FDD93E481E99746E006C912A /* RegistrationViewController.swift */ = {isa = PBXFileReference; fileEncoding = 4; lastKnownFileType = sourcecode.swift; name = RegistrationViewController.swift; path = Controllers/RegistrationViewController.swift; sourceTree = "<group>"; };
		FDD93E4A1E997C8B006C912A /* EditProfileViewController.swift */ = {isa = PBXFileReference; fileEncoding = 4; lastKnownFileType = sourcecode.swift; name = EditProfileViewController.swift; path = Controllers/EditProfileViewController.swift; sourceTree = "<group>"; };
		FDD93E4C1E998092006C912A /* HomePageViewController.swift */ = {isa = PBXFileReference; fileEncoding = 4; lastKnownFileType = sourcecode.swift; name = HomePageViewController.swift; path = Controllers/HomePageViewController.swift; sourceTree = "<group>"; };
/* End PBXFileReference section */

/* Begin PBXFrameworksBuildPhase section */
		FDD93E1F1E9960CD006C912A /* Frameworks */ = {
			isa = PBXFrameworksBuildPhase;
			buildActionMask = 2147483647;
			files = (
			);
			runOnlyForDeploymentPostprocessing = 0;
		};
/* End PBXFrameworksBuildPhase section */

/* Begin PBXGroup section */
		118CBEA756D4427AB9BBFDA9 /* Pods */ = {
			isa = PBXGroup;
			children = (
				83EBAF6793954D9F10E0034E /* Pods-CS2340-iOS.debug.xcconfig */,
				BD76673B7DBDD8F94D419224 /* Pods-CS2340-iOS.release.xcconfig */,
			);
			name = Pods;
			sourceTree = "<group>";
		};
		5AC06D68319C94B41ADECD77 /* Frameworks */ = {
			isa = PBXGroup;
			children = (
				62DD97673E45D10BC875DA40 /* Pods_CS2340_iOS.framework */,
			);
			name = Frameworks;
			sourceTree = "<group>";
		};
		FDD93E191E9960CD006C912A = {
			isa = PBXGroup;
			children = (
				FDD93E241E9960CD006C912A /* CS2340-iOS */,
				FDD93E231E9960CD006C912A /* Products */,
				118CBEA756D4427AB9BBFDA9 /* Pods */,
				5AC06D68319C94B41ADECD77 /* Frameworks */,
			);
			sourceTree = "<group>";
		};
		FDD93E231E9960CD006C912A /* Products */ = {
			isa = PBXGroup;
			children = (
				FDD93E221E9960CD006C912A /* CS2340-iOS.app */,
			);
			name = Products;
			sourceTree = "<group>";
		};
		FDD93E241E9960CD006C912A /* CS2340-iOS */ = {
			isa = PBXGroup;
			children = (
				FDD93E3F1E996643006C912A /* GoogleService-Info.plist */,
				FDD93E3D1E9962AC006C912A /* AuthManager.swift */,
				FDD93E381E9960E7006C912A /* Services */,
				FDD93E371E9960E1006C912A /* Models */,
				FDD93E431E99684E006C912A /* Controllers */,
				FDD93E251E9960CD006C912A /* AppDelegate.swift */,
				FDD93E291E9960CD006C912A /* Main.storyboard */,
				91A768C51E99733100DAF749 /* Designables.swift */,
				FDD93E2C1E9960CD006C912A /* Assets.xcassets */,
				FDD93E2E1E9960CD006C912A /* LaunchScreen.storyboard */,
				FDD93E311E9960CD006C912A /* Info.plist */,
				FDD93E411E9966AD006C912A /* Constants.swift */,
			);
			path = "CS2340-iOS";
			sourceTree = "<group>";
		};
		FDD93E371E9960E1006C912A /* Models */ = {
			isa = PBXGroup;
			children = (
				FDD93E3B1E9962A4006C912A /* FirebaseModels.swift */,
			);
			name = Models;
			sourceTree = "<group>";
		};
		FDD93E381E9960E7006C912A /* Services */ = {
			isa = PBXGroup;
			children = (
				FDD93E391E99629C006C912A /* FirebaseService.swift */,
			);
			name = Services;
			sourceTree = "<group>";
		};
		FDD93E431E99684E006C912A /* Controllers */ = {
			isa = PBXGroup;
			children = (
				FDD93E461E99689E006C912A /* LoginViewController.swift */,
				91A768C31E9970E700DAF749 /* MainViewController.swift */,
				FDD93E481E99746E006C912A /* RegistrationViewController.swift */,
				FDD93E4A1E997C8B006C912A /* EditProfileViewController.swift */,
				FDD93E4C1E998092006C912A /* HomePageViewController.swift */,
			);
			name = Controllers;
			sourceTree = "<group>";
		};
/* End PBXGroup section */

/* Begin PBXNativeTarget section */
		FDD93E211E9960CD006C912A /* CS2340-iOS */ = {
			isa = PBXNativeTarget;
			buildConfigurationList = FDD93E341E9960CD006C912A /* Build configuration list for PBXNativeTarget "CS2340-iOS" */;
			buildPhases = (
				ECC0BF886DB0535128FDD8D1 /* [CP] Check Pods Manifest.lock */,
				FDD93E1E1E9960CD006C912A /* Sources */,
				FDD93E1F1E9960CD006C912A /* Frameworks */,
				FDD93E201E9960CD006C912A /* Resources */,
				20B5DCB2941EA948AB03FF67 /* [CP] Embed Pods Frameworks */,
				A51269C99A42FF224FAB11CC /* [CP] Copy Pods Resources */,
			);
			buildRules = (
			);
			dependencies = (
			);
			name = "CS2340-iOS";
			productName = "CS2340-iOS";
			productReference = FDD93E221E9960CD006C912A /* CS2340-iOS.app */;
			productType = "com.apple.product-type.application";
		};
/* End PBXNativeTarget section */

/* Begin PBXProject section */
		FDD93E1A1E9960CD006C912A /* Project object */ = {
			isa = PBXProject;
			attributes = {
				LastSwiftUpdateCheck = 0830;
				LastUpgradeCheck = 0830;
				TargetAttributes = {
					FDD93E211E9960CD006C912A = {
						CreatedOnToolsVersion = 8.3;
						DevelopmentTeam = V7HL83ZN6U;
						ProvisioningStyle = Automatic;
					};
				};
			};
			buildConfigurationList = FDD93E1D1E9960CD006C912A /* Build configuration list for PBXProject "CS2340-iOS" */;
			compatibilityVersion = "Xcode 3.2";
			developmentRegion = English;
			hasScannedForEncodings = 0;
			knownRegions = (
				en,
				Base,
			);
			mainGroup = FDD93E191E9960CD006C912A;
			productRefGroup = FDD93E231E9960CD006C912A /* Products */;
			projectDirPath = "";
			projectRoot = "";
			targets = (
				FDD93E211E9960CD006C912A /* CS2340-iOS */,
			);
		};
/* End PBXProject section */

/* Begin PBXResourcesBuildPhase section */
		FDD93E201E9960CD006C912A /* Resources */ = {
			isa = PBXResourcesBuildPhase;
			buildActionMask = 2147483647;
			files = (
				FDD93E301E9960CD006C912A /* LaunchScreen.storyboard in Resources */,
				FDD93E401E996643006C912A /* GoogleService-Info.plist in Resources */,
				FDD93E2D1E9960CD006C912A /* Assets.xcassets in Resources */,
				FDD93E2B1E9960CD006C912A /* Main.storyboard in Resources */,
			);
			runOnlyForDeploymentPostprocessing = 0;
		};
/* End PBXResourcesBuildPhase section */

/* Begin PBXShellScriptBuildPhase section */
		20B5DCB2941EA948AB03FF67 /* [CP] Embed Pods Frameworks */ = {
			isa = PBXShellScriptBuildPhase;
			buildActionMask = 2147483647;
			files = (
			);
			inputPaths = (
			);
			name = "[CP] Embed Pods Frameworks";
			outputPaths = (
			);
			runOnlyForDeploymentPostprocessing = 0;
			shellPath = /bin/sh;
			shellScript = "\"${SRCROOT}/Pods/Target Support Files/Pods-CS2340-iOS/Pods-CS2340-iOS-frameworks.sh\"\n";
			showEnvVarsInLog = 0;
		};
		A51269C99A42FF224FAB11CC /* [CP] Copy Pods Resources */ = {
			isa = PBXShellScriptBuildPhase;
			buildActionMask = 2147483647;
			files = (
			);
			inputPaths = (
			);
			name = "[CP] Copy Pods Resources";
			outputPaths = (
			);
			runOnlyForDeploymentPostprocessing = 0;
			shellPath = /bin/sh;
			shellScript = "\"${SRCROOT}/Pods/Target Support Files/Pods-CS2340-iOS/Pods-CS2340-iOS-resources.sh\"\n";
			showEnvVarsInLog = 0;
		};
		ECC0BF886DB0535128FDD8D1 /* [CP] Check Pods Manifest.lock */ = {
			isa = PBXShellScriptBuildPhase;
			buildActionMask = 2147483647;
			files = (
			);
			inputPaths = (
			);
			name = "[CP] Check Pods Manifest.lock";
			outputPaths = (
			);
			runOnlyForDeploymentPostprocessing = 0;
			shellPath = /bin/sh;
			shellScript = "diff \"${PODS_ROOT}/../Podfile.lock\" \"${PODS_ROOT}/Manifest.lock\" > /dev/null\nif [ $? != 0 ] ; then\n    # print error to STDERR\n    echo \"error: The sandbox is not in sync with the Podfile.lock. Run 'pod install' or update your CocoaPods installation.\" >&2\n    exit 1\nfi\n";
			showEnvVarsInLog = 0;
		};
/* End PBXShellScriptBuildPhase section */

/* Begin PBXSourcesBuildPhase section */
		FDD93E1E1E9960CD006C912A /* Sources */ = {
			isa = PBXSourcesBuildPhase;
			buildActionMask = 2147483647;
			files = (
				FDD93E471E99689E006C912A /* LoginViewController.swift in Sources */,
				FDD93E491E99746E006C912A /* RegistrationViewController.swift in Sources */,
				FDD93E3C1E9962A4006C912A /* FirebaseModels.swift in Sources */,
				FDD93E3A1E99629C006C912A /* FirebaseService.swift in Sources */,
				FDD93E261E9960CD006C912A /* AppDelegate.swift in Sources */,
				FDD93E3E1E9962AC006C912A /* AuthManager.swift in Sources */,
				91A768C61E99733100DAF749 /* Designables.swift in Sources */,
				FDD93E4D1E998092006C912A /* HomePageViewController.swift in Sources */,
				FDD93E421E9966AD006C912A /* Constants.swift in Sources */,
				FDD93E4B1E997C8B006C912A /* EditProfileViewController.swift in Sources */,
				91A768C41E9970E700DAF749 /* MainViewController.swift in Sources */,
			);
			runOnlyForDeploymentPostprocessing = 0;
		};
/* End PBXSourcesBuildPhase section */

/* Begin PBXVariantGroup section */
		FDD93E291E9960CD006C912A /* Main.storyboard */ = {
			isa = PBXVariantGroup;
			children = (
				FDD93E2A1E9960CD006C912A /* Base */,
			);
			name = Main.storyboard;
			sourceTree = "<group>";
		};
		FDD93E2E1E9960CD006C912A /* LaunchScreen.storyboard */ = {
			isa = PBXVariantGroup;
			children = (
				FDD93E2F1E9960CD006C912A /* Base */,
			);
			name = LaunchScreen.storyboard;
			sourceTree = "<group>";
		};
/* End PBXVariantGroup section */

/* Begin XCBuildConfiguration section */
		FDD93E321E9960CD006C912A /* Debug */ = {
			isa = XCBuildConfiguration;
			buildSettings = {
				ALWAYS_SEARCH_USER_PATHS = NO;
				CLANG_ANALYZER_NONNULL = YES;
				CLANG_ANALYZER_NUMBER_OBJECT_CONVERSION = YES_AGGRESSIVE;
				CLANG_CXX_LANGUAGE_STANDARD = "gnu++0x";
				CLANG_CXX_LIBRARY = "libc++";
				CLANG_ENABLE_MODULES = YES;
				CLANG_ENABLE_OBJC_ARC = YES;
				CLANG_WARN_BOOL_CONVERSION = YES;
				CLANG_WARN_CONSTANT_CONVERSION = YES;
				CLANG_WARN_DIRECT_OBJC_ISA_USAGE = YES_ERROR;
				CLANG_WARN_DOCUMENTATION_COMMENTS = YES;
				CLANG_WARN_EMPTY_BODY = YES;
				CLANG_WARN_ENUM_CONVERSION = YES;
				CLANG_WARN_INFINITE_RECURSION = YES;
				CLANG_WARN_INT_CONVERSION = YES;
				CLANG_WARN_OBJC_ROOT_CLASS = YES_ERROR;
				CLANG_WARN_SUSPICIOUS_MOVE = YES;
				CLANG_WARN_UNREACHABLE_CODE = YES;
				CLANG_WARN__DUPLICATE_METHOD_MATCH = YES;
				"CODE_SIGN_IDENTITY[sdk=iphoneos*]" = "iPhone Developer";
				COPY_PHASE_STRIP = NO;
				DEBUG_INFORMATION_FORMAT = dwarf;
				ENABLE_STRICT_OBJC_MSGSEND = YES;
				ENABLE_TESTABILITY = YES;
				GCC_C_LANGUAGE_STANDARD = gnu99;
				GCC_DYNAMIC_NO_PIC = NO;
				GCC_NO_COMMON_BLOCKS = YES;
				GCC_OPTIMIZATION_LEVEL = 0;
				GCC_PREPROCESSOR_DEFINITIONS = (
					"DEBUG=1",
					"$(inherited)",
				);
				GCC_WARN_64_TO_32_BIT_CONVERSION = YES;
				GCC_WARN_ABOUT_RETURN_TYPE = YES_ERROR;
				GCC_WARN_UNDECLARED_SELECTOR = YES;
				GCC_WARN_UNINITIALIZED_AUTOS = YES_AGGRESSIVE;
				GCC_WARN_UNUSED_FUNCTION = YES;
				GCC_WARN_UNUSED_VARIABLE = YES;
				IPHONEOS_DEPLOYMENT_TARGET = 10.3;
				MTL_ENABLE_DEBUG_INFO = YES;
				ONLY_ACTIVE_ARCH = YES;
				SDKROOT = iphoneos;
				SWIFT_ACTIVE_COMPILATION_CONDITIONS = DEBUG;
				SWIFT_OPTIMIZATION_LEVEL = "-Onone";
			};
			name = Debug;
		};
		FDD93E331E9960CD006C912A /* Release */ = {
			isa = XCBuildConfiguration;
			buildSettings = {
				ALWAYS_SEARCH_USER_PATHS = NO;
				CLANG_ANALYZER_NONNULL = YES;
				CLANG_ANALYZER_NUMBER_OBJECT_CONVERSION = YES_AGGRESSIVE;
				CLANG_CXX_LANGUAGE_STANDARD = "gnu++0x";
				CLANG_CXX_LIBRARY = "libc++";
				CLANG_ENABLE_MODULES = YES;
				CLANG_ENABLE_OBJC_ARC = YES;
				CLANG_WARN_BOOL_CONVERSION = YES;
				CLANG_WARN_CONSTANT_CONVERSION = YES;
				CLANG_WARN_DIRECT_OBJC_ISA_USAGE = YES_ERROR;
				CLANG_WARN_DOCUMENTATION_COMMENTS = YES;
				CLANG_WARN_EMPTY_BODY = YES;
				CLANG_WARN_ENUM_CONVERSION = YES;
				CLANG_WARN_INFINITE_RECURSION = YES;
				CLANG_WARN_INT_CONVERSION = YES;
				CLANG_WARN_OBJC_ROOT_CLASS = YES_ERROR;
				CLANG_WARN_SUSPICIOUS_MOVE = YES;
				CLANG_WARN_UNREACHABLE_CODE = YES;
				CLANG_WARN__DUPLICATE_METHOD_MATCH = YES;
				"CODE_SIGN_IDENTITY[sdk=iphoneos*]" = "iPhone Developer";
				COPY_PHASE_STRIP = NO;
				DEBUG_INFORMATION_FORMAT = "dwarf-with-dsym";
				ENABLE_NS_ASSERTIONS = NO;
				ENABLE_STRICT_OBJC_MSGSEND = YES;
				GCC_C_LANGUAGE_STANDARD = gnu99;
				GCC_NO_COMMON_BLOCKS = YES;
				GCC_WARN_64_TO_32_BIT_CONVERSION = YES;
				GCC_WARN_ABOUT_RETURN_TYPE = YES_ERROR;
				GCC_WARN_UNDECLARED_SELECTOR = YES;
				GCC_WARN_UNINITIALIZED_AUTOS = YES_AGGRESSIVE;
				GCC_WARN_UNUSED_FUNCTION = YES;
				GCC_WARN_UNUSED_VARIABLE = YES;
				IPHONEOS_DEPLOYMENT_TARGET = 10.3;
				MTL_ENABLE_DEBUG_INFO = NO;
				SDKROOT = iphoneos;
				SWIFT_OPTIMIZATION_LEVEL = "-Owholemodule";
				VALIDATE_PRODUCT = YES;
			};
			name = Release;
		};
		FDD93E351E9960CD006C912A /* Debug */ = {
			isa = XCBuildConfiguration;
			baseConfigurationReference = 83EBAF6793954D9F10E0034E /* Pods-CS2340-iOS.debug.xcconfig */;
			buildSettings = {
				ASSETCATALOG_COMPILER_APPICON_NAME = AppIcon;
				DEVELOPMENT_TEAM = V7HL83ZN6U;
				INFOPLIST_FILE = "CS2340-iOS/Info.plist";
				LD_RUNPATH_SEARCH_PATHS = "$(inherited) @executable_path/Frameworks";
				PRODUCT_BUNDLE_IDENTIFIER = "edu.gatech.CS2340-iOS";
				PRODUCT_NAME = "$(TARGET_NAME)";
				SWIFT_VERSION = 3.0;
			};
			name = Debug;
		};
		FDD93E361E9960CD006C912A /* Release */ = {
			isa = XCBuildConfiguration;
			baseConfigurationReference = BD76673B7DBDD8F94D419224 /* Pods-CS2340-iOS.release.xcconfig */;
			buildSettings = {
				ASSETCATALOG_COMPILER_APPICON_NAME = AppIcon;
				DEVELOPMENT_TEAM = V7HL83ZN6U;
				INFOPLIST_FILE = "CS2340-iOS/Info.plist";
				LD_RUNPATH_SEARCH_PATHS = "$(inherited) @executable_path/Frameworks";
				PRODUCT_BUNDLE_IDENTIFIER = "edu.gatech.CS2340-iOS";
				PRODUCT_NAME = "$(TARGET_NAME)";
				SWIFT_VERSION = 3.0;
			};
			name = Release;
		};
/* End XCBuildConfiguration section */

/* Begin XCConfigurationList section */
		FDD93E1D1E9960CD006C912A /* Build configuration list for PBXProject "CS2340-iOS" */ = {
			isa = XCConfigurationList;
			buildConfigurations = (
				FDD93E321E9960CD006C912A /* Debug */,
				FDD93E331E9960CD006C912A /* Release */,
			);
			defaultConfigurationIsVisible = 0;
			defaultConfigurationName = Release;
		};
		FDD93E341E9960CD006C912A /* Build configuration list for PBXNativeTarget "CS2340-iOS" */ = {
			isa = XCConfigurationList;
			buildConfigurations = (
				FDD93E351E9960CD006C912A /* Debug */,
				FDD93E361E9960CD006C912A /* Release */,
			);
			defaultConfigurationIsVisible = 0;
			defaultConfigurationName = Release;
		};
/* End XCConfigurationList section */
	};
	rootObject = FDD93E1A1E9960CD006C912A /* Project object */;
}
